
Microsoft Visual Studio Solution File, Format Version 12.00
# Visual Studio 14
VisualStudioVersion = 14.0.25420.1
MinimumVisualStudioVersion = 10.0.40219.1
Project("{FAE04EC0-301F-11D3-BF4B-00C04F79EFBC}") = "StudentDB.Models", "StudentDB.Models\StudentDB.Models.csproj", "{4CD69010-1AD3-4E55-A733-DA315753FF08}"
EndProject
Project("{FAE04EC0-301F-11D3-BF4B-00C04F79EFBC}") = "StudenDB.Data", "StudenDB.Data\StudenDB.Data.csproj", "{B7038328-8DB9-429C-8EAF-87C17C805C6C}"
EndProject
Project("{FAE04EC0-301F-11D3-BF4B-00C04F79EFBC}") = "StudenDB.ConsoleClient", "StudenDB.ConsoleClient\StudenDB.ConsoleClient.csproj", "{CD8E628E-3486-48BA-A8D3-70CC54CF41E2}"
EndProject
Global
	GlobalSection(SolutionConfigurationPlatforms) = preSolution
		Debug|Any CPU = Debug|Any CPU
		Release|Any CPU = Release|Any CPU
	EndGlobalSection
	GlobalSection(ProjectConfigurationPlatforms) = postSolution
		{4CD69010-1AD3-4E55-A733-DA315753FF08}.Debug|Any CPU.ActiveCfg = Debug|Any CPU
		{4CD69010-1AD3-4E55-A733-DA315753FF08}.Debug|Any CPU.Build.0 = Debug|Any CPU
		{4CD69010-1AD3-4E55-A733-DA315753FF08}.Release|Any CPU.ActiveCfg = Release|Any CPU
		{4CD69010-1AD3-4E55-A733-DA315753FF08}.Release|Any CPU.Build.0 = Release|Any CPU
		{B7038328-8DB9-429C-8EAF-87C17C805C6C}.Debug|Any CPU.ActiveCfg = Debug|Any CPU
		{B7038328-8DB9-429C-8EAF-87C17C805C6C}.Debug|Any CPU.Build.0 = Debug|Any CPU
		{B7038328-8DB9-429C-8EAF-87C17C805C6C}.Release|Any CPU.ActiveCfg = Release|Any CPU
		{B7038328-8DB9-429C-8EAF-87C17C805C6C}.Release|Any CPU.Build.0 = Release|Any CPU
		{CD8E628E-3486-48BA-A8D3-70CC54CF41E2}.Debug|Any CPU.ActiveCfg = Debug|Any CPU
		{CD8E628E-3486-48BA-A8D3-70CC54CF41E2}.Debug|Any CPU.Build.0 = Debug|Any CPU
		{CD8E628E-3486-48BA-A8D3-70CC54CF41E2}.Release|Any CPU.ActiveCfg = Release|Any CPU
		{CD8E628E-3486-48BA-A8D3-70CC54CF41E2}.Release|Any CPU.Build.0 = Release|Any CPU
	EndGlobalSection
	GlobalSection(SolutionProperties) = preSolution
		HideSolutionNode = FALSE
	EndGlobalSection
EndGlobal
