
Microsoft Visual Studio Solution File, Format Version 12.00
# Visual Studio 14
VisualStudioVersion = 14.0.25123.0
MinimumVisualStudioVersion = 10.0.40219.1
Project("{FAE04EC0-301F-11D3-BF4B-00C04F79EFBC}") = "OOPPrinciples-Part2", "OOPPrinciples-Part2\OOPPrinciples-Part2.csproj", "{8F2E6ACD-6F2C-4EB5-8823-84D268E238AA}"
EndProject
Project("{FAE04EC0-301F-11D3-BF4B-00C04F79EFBC}") = "Shapes", "Shapes\Shapes.csproj", "{A58A9BB2-3112-4092-AA34-7D275599A2FC}"
EndProject
Project("{FAE04EC0-301F-11D3-BF4B-00C04F79EFBC}") = "BankAccounts", "BankAccounts\BankAccounts.csproj", "{2F57F26A-2C04-4169-BADE-B665560032D4}"
EndProject
Project("{FAE04EC0-301F-11D3-BF4B-00C04F79EFBC}") = "RangeExceptions", "RangeExceptions\RangeExceptions.csproj", "{D0D8BC23-8AE8-4B97-AF34-5B4B1708B2C1}"
EndProject
Global
	GlobalSection(SolutionConfigurationPlatforms) = preSolution
		Debug|Any CPU = Debug|Any CPU
		Release|Any CPU = Release|Any CPU
	EndGlobalSection
	GlobalSection(ProjectConfigurationPlatforms) = postSolution
		{8F2E6ACD-6F2C-4EB5-8823-84D268E238AA}.Debug|Any CPU.ActiveCfg = Debug|Any CPU
		{8F2E6ACD-6F2C-4EB5-8823-84D268E238AA}.Debug|Any CPU.Build.0 = Debug|Any CPU
		{8F2E6ACD-6F2C-4EB5-8823-84D268E238AA}.Release|Any CPU.ActiveCfg = Release|Any CPU
		{8F2E6ACD-6F2C-4EB5-8823-84D268E238AA}.Release|Any CPU.Build.0 = Release|Any CPU
		{A58A9BB2-3112-4092-AA34-7D275599A2FC}.Debug|Any CPU.ActiveCfg = Debug|Any CPU
		{A58A9BB2-3112-4092-AA34-7D275599A2FC}.Debug|Any CPU.Build.0 = Debug|Any CPU
		{A58A9BB2-3112-4092-AA34-7D275599A2FC}.Release|Any CPU.ActiveCfg = Release|Any CPU
		{A58A9BB2-3112-4092-AA34-7D275599A2FC}.Release|Any CPU.Build.0 = Release|Any CPU
		{2F57F26A-2C04-4169-BADE-B665560032D4}.Debug|Any CPU.ActiveCfg = Debug|Any CPU
		{2F57F26A-2C04-4169-BADE-B665560032D4}.Debug|Any CPU.Build.0 = Debug|Any CPU
		{2F57F26A-2C04-4169-BADE-B665560032D4}.Release|Any CPU.ActiveCfg = Release|Any CPU
		{2F57F26A-2C04-4169-BADE-B665560032D4}.Release|Any CPU.Build.0 = Release|Any CPU
		{D0D8BC23-8AE8-4B97-AF34-5B4B1708B2C1}.Debug|Any CPU.ActiveCfg = Debug|Any CPU
		{D0D8BC23-8AE8-4B97-AF34-5B4B1708B2C1}.Debug|Any CPU.Build.0 = Debug|Any CPU
		{D0D8BC23-8AE8-4B97-AF34-5B4B1708B2C1}.Release|Any CPU.ActiveCfg = Release|Any CPU
		{D0D8BC23-8AE8-4B97-AF34-5B4B1708B2C1}.Release|Any CPU.Build.0 = Release|Any CPU
	EndGlobalSection
	GlobalSection(SolutionProperties) = preSolution
		HideSolutionNode = FALSE
	EndGlobalSection
EndGlobal
